
Microsoft Visual Studio Solution File, Format Version 12.00
# Visual Studio Version 16
VisualStudioVersion = 16.0.32106.194
MinimumVisualStudioVersion = 10.0.40219.1
Project("{9A19103F-16F7-4668-BE54-9A1E7A4F7556}") = "GraphicsWPF", "GraphicsWPF\GraphicsWPF.csproj", "{CBD237C9-C75C-4B25-A83D-0F7964DAA68B}"
EndProject
Project("{FAE04EC0-301F-11D3-BF4B-00C04F79EFBC}") = "StandardGraphics", "StandardGraphics\StandardGraphics.csproj", "{DF4EB415-324A-482F-B4B9-4AE74B2C464F}"
EndProject
Global
	GlobalSection(SolutionConfigurationPlatforms) = preSolution
		Debug|Any CPU = Debug|Any CPU
		Release|Any CPU = Release|Any CPU
	EndGlobalSection
	GlobalSection(ProjectConfigurationPlatforms) = postSolution
		{CBD237C9-C75C-4B25-A83D-0F7964DAA68B}.Debug|Any CPU.ActiveCfg = Debug|Any CPU
		{CBD237C9-C75C-4B25-A83D-0F7964DAA68B}.Debug|Any CPU.Build.0 = Debug|Any CPU
		{CBD237C9-C75C-4B25-A83D-0F7964DAA68B}.Release|Any CPU.ActiveCfg = Release|Any CPU
		{CBD237C9-C75C-4B25-A83D-0F7964DAA68B}.Release|Any CPU.Build.0 = Release|Any CPU
		{DF4EB415-324A-482F-B4B9-4AE74B2C464F}.Debug|Any CPU.ActiveCfg = Debug|Any CPU
		{DF4EB415-324A-482F-B4B9-4AE74B2C464F}.Debug|Any CPU.Build.0 = Debug|Any CPU
		{DF4EB415-324A-482F-B4B9-4AE74B2C464F}.Release|Any CPU.ActiveCfg = Release|Any CPU
		{DF4EB415-324A-482F-B4B9-4AE74B2C464F}.Release|Any CPU.Build.0 = Release|Any CPU
	EndGlobalSection
	GlobalSection(SolutionProperties) = preSolution
		HideSolutionNode = FALSE
	EndGlobalSection
	GlobalSection(ExtensibilityGlobals) = postSolution
		SolutionGuid = {99BD472C-79D1-48FF-9E46-0542F125D41B}
	EndGlobalSection
EndGlobal
