
Microsoft Visual Studio Solution File, Format Version 12.00
# Visual Studio Version 16
VisualStudioVersion = 16.0.32106.194
MinimumVisualStudioVersion = 10.0.40219.1
Project("{FAE04EC0-301F-11D3-BF4B-00C04F79EFBC}") = "Model", "Model\Model.csproj", "{F25074B3-ADC9-4F7C-93D9-F0AB34C7523F}"
EndProject
Global
	GlobalSection(SolutionConfigurationPlatforms) = preSolution
		Debug|Any CPU = Debug|Any CPU
		Release|Any CPU = Release|Any CPU
	EndGlobalSection
	GlobalSection(ProjectConfigurationPlatforms) = postSolution
		{F25074B3-ADC9-4F7C-93D9-F0AB34C7523F}.Debug|Any CPU.ActiveCfg = Debug|Any CPU
		{F25074B3-ADC9-4F7C-93D9-F0AB34C7523F}.Debug|Any CPU.Build.0 = Debug|Any CPU
		{F25074B3-ADC9-4F7C-93D9-F0AB34C7523F}.Release|Any CPU.ActiveCfg = Release|Any CPU
		{F25074B3-ADC9-4F7C-93D9-F0AB34C7523F}.Release|Any CPU.Build.0 = Release|Any CPU
	EndGlobalSection
	GlobalSection(SolutionProperties) = preSolution
		HideSolutionNode = FALSE
	EndGlobalSection
	GlobalSection(ExtensibilityGlobals) = postSolution
		SolutionGuid = {3ED3B0E5-C979-46CC-9F01-DE90A39F2D44}
	EndGlobalSection
EndGlobal
